
Microsoft Visual Studio Solution File, Format Version 12.00
# Visual Studio Version 16
VisualStudioVersion = 16.0.29911.84
MinimumVisualStudioVersion = 10.0.40219.1
Project("{FAE04EC0-301F-11D3-BF4B-00C04F79EFBC}") = "PlantUmlViewerWpf", "PlantUmlViewerWpf.csproj", "{0051E933-9C71-4F9C-9DFE-08B4E3BBDD7F}"
EndProject
Global
	GlobalSection(SolutionConfigurationPlatforms) = preSolution
		Debug|Any CPU = Debug|Any CPU
		Release|Any CPU = Release|Any CPU
	EndGlobalSection
	GlobalSection(ProjectConfigurationPlatforms) = postSolution
		{0051E933-9C71-4F9C-9DFE-08B4E3BBDD7F}.Debug|Any CPU.ActiveCfg = Debug|Any CPU
		{0051E933-9C71-4F9C-9DFE-08B4E3BBDD7F}.Debug|Any CPU.Build.0 = Debug|Any CPU
		{0051E933-9C71-4F9C-9DFE-08B4E3BBDD7F}.Release|Any CPU.ActiveCfg = Release|Any CPU
		{0051E933-9C71-4F9C-9DFE-08B4E3BBDD7F}.Release|Any CPU.Build.0 = Release|Any CPU
	EndGlobalSection
	GlobalSection(SolutionProperties) = preSolution
		HideSolutionNode = FALSE
	EndGlobalSection
	GlobalSection(ExtensibilityGlobals) = postSolution
		SolutionGuid = {E25F8C67-4B5A-444E-BA4E-8848B33518CB}
	EndGlobalSection
EndGlobal
